
Microsoft Visual Studio Solution File, Format Version 12.00
# Visual Studio Version 16
VisualStudioVersion = 16.0.810.14
MinimumVisualStudioVersion = 10.0.40219.1
Project("{FAE04EC0-301F-11D3-BF4B-00C04F79EFBC}") = "BusDataManager", "BusDataManager\BusDataManager.csproj", "{9E1FBCB0-07EA-46D0-A83C-B64F10839539}"
EndProject
Global
	GlobalSection(SolutionConfigurationPlatforms) = preSolution
		Debug|Any CPU = Debug|Any CPU
		Release|Any CPU = Release|Any CPU
	EndGlobalSection
	GlobalSection(ProjectConfigurationPlatforms) = postSolution
		{9E1FBCB0-07EA-46D0-A83C-B64F10839539}.Debug|Any CPU.ActiveCfg = Debug|Any CPU
		{9E1FBCB0-07EA-46D0-A83C-B64F10839539}.Debug|Any CPU.Build.0 = Debug|Any CPU
		{9E1FBCB0-07EA-46D0-A83C-B64F10839539}.Release|Any CPU.ActiveCfg = Release|Any CPU
		{9E1FBCB0-07EA-46D0-A83C-B64F10839539}.Release|Any CPU.Build.0 = Release|Any CPU
	EndGlobalSection
	GlobalSection(SolutionProperties) = preSolution
		HideSolutionNode = FALSE
	EndGlobalSection
	GlobalSection(ExtensibilityGlobals) = postSolution
		SolutionGuid = {02519914-56C2-4018-B207-0D0CAF88C95E}
	EndGlobalSection
EndGlobal
