
Microsoft Visual Studio Solution File, Format Version 12.00
# Visual Studio Version 16
VisualStudioVersion = 16.0.810.21
MinimumVisualStudioVersion = 10.0.40219.1
Project("{FAE04EC0-301F-11D3-BF4B-00C04F79EFBC}") = "SqlConnectArcApp", "SqlConnectArcApp\SqlConnectArcApp.csproj", "{ADA2FED7-EDDA-40EC-89A4-CD2253C50798}"
EndProject
Global
	GlobalSection(SolutionConfigurationPlatforms) = preSolution
		Debug|Any CPU = Debug|Any CPU
		Release|Any CPU = Release|Any CPU
	EndGlobalSection
	GlobalSection(ProjectConfigurationPlatforms) = postSolution
		{ADA2FED7-EDDA-40EC-89A4-CD2253C50798}.Debug|Any CPU.ActiveCfg = Debug|Any CPU
		{ADA2FED7-EDDA-40EC-89A4-CD2253C50798}.Debug|Any CPU.Build.0 = Debug|Any CPU
		{ADA2FED7-EDDA-40EC-89A4-CD2253C50798}.Release|Any CPU.ActiveCfg = Release|Any CPU
		{ADA2FED7-EDDA-40EC-89A4-CD2253C50798}.Release|Any CPU.Build.0 = Release|Any CPU
	EndGlobalSection
	GlobalSection(SolutionProperties) = preSolution
		HideSolutionNode = FALSE
	EndGlobalSection
	GlobalSection(ExtensibilityGlobals) = postSolution
		SolutionGuid = {2C5F045E-71FC-42CE-9E16-77BC435EF561}
	EndGlobalSection
EndGlobal
